
Microsoft Visual Studio Solution File, Format Version 12.00
# Visual Studio Version 17
VisualStudioVersion = 17.3.32929.385
MinimumVisualStudioVersion = 10.0.40219.1
Project("{F184B08F-C81C-45F6-A57F-5ABD9991F28F}") = "Sari-Sari Store", "Sari-Sari Store.vbproj", "{5E6B576B-02FF-47A4-A9A3-76B657AF2DA9}"
EndProject
Global
	GlobalSection(SolutionConfigurationPlatforms) = preSolution
		Debug|Any CPU = Debug|Any CPU
		Release|Any CPU = Release|Any CPU
	EndGlobalSection
	GlobalSection(ProjectConfigurationPlatforms) = postSolution
		{5E6B576B-02FF-47A4-A9A3-76B657AF2DA9}.Debug|Any CPU.ActiveCfg = Debug|Any CPU
		{5E6B576B-02FF-47A4-A9A3-76B657AF2DA9}.Debug|Any CPU.Build.0 = Debug|Any CPU
		{5E6B576B-02FF-47A4-A9A3-76B657AF2DA9}.Release|Any CPU.ActiveCfg = Release|Any CPU
		{5E6B576B-02FF-47A4-A9A3-76B657AF2DA9}.Release|Any CPU.Build.0 = Release|Any CPU
	EndGlobalSection
	GlobalSection(SolutionProperties) = preSolution
		HideSolutionNode = FALSE
	EndGlobalSection
	GlobalSection(ExtensibilityGlobals) = postSolution
		SolutionGuid = {18C218C2-921E-47B8-8CBE-78E400C1F661}
	EndGlobalSection
EndGlobal
